PODS:
  - AMPProgressHUD (0.1.0):
    - MBProgressHUD
  - MBProgressHUD (1.1.0)

DEPENDENCIES:
  - AMPProgressHUD
  - MBProgressHUD

SPEC REPOS:
  trunk:
    - AMPProgressHUD
    - MBProgressHUD

SPEC CHECKSUMS:
  AMPProgressHUD: 8395f5623ea4e7a145fd07214ea72fea0432b2d0
  MBProgressHUD: e7baa36a220447d8aeb12769bf0585582f3866d9

PODFILE CHECKSUM: 6cff6b9e9189b5cbd785b1d4b0e58fbc4e2c1662

COCOAPODS: 1.8.4
